
Microsoft Visual Studio Solution File, Format Version 12.00
# Visual Studio 15
VisualStudioVersion = 15.0.27130.2036
MinimumVisualStudioVersion = 10.0.40219.1
Project("{FAE04EC0-301F-11D3-BF4B-00C04F79EFBC}") = "ServerTcpChat", "ServerTcpChat\ServerTcpChat.csproj", "{23274469-8F65-4AA4-9B72-952951817323}"
EndProject
Global
	GlobalSection(SolutionConfigurationPlatforms) = preSolution
		Debug|Any CPU = Debug|Any CPU
		Release|Any CPU = Release|Any CPU
	EndGlobalSection
	GlobalSection(ProjectConfigurationPlatforms) = postSolution
		{23274469-8F65-4AA4-9B72-952951817323}.Debug|Any CPU.ActiveCfg = Debug|Any CPU
		{23274469-8F65-4AA4-9B72-952951817323}.Debug|Any CPU.Build.0 = Debug|Any CPU
		{23274469-8F65-4AA4-9B72-952951817323}.Release|Any CPU.ActiveCfg = Release|Any CPU
		{23274469-8F65-4AA4-9B72-952951817323}.Release|Any CPU.Build.0 = Release|Any CPU
	EndGlobalSection
	GlobalSection(SolutionProperties) = preSolution
		HideSolutionNode = FALSE
	EndGlobalSection
	GlobalSection(ExtensibilityGlobals) = postSolution
		SolutionGuid = {D15ED49E-2966-4C48-8817-9BBC5BB369EA}
	EndGlobalSection
EndGlobal
